
Microsoft Visual Studio Solution File, Format Version 12.00
# Visual Studio Version 17
VisualStudioVersion = 17.13.35825.156 d17.13
MinimumVisualStudioVersion = 10.0.40219.1
Project("{FAE04EC0-301F-11D3-BF4B-00C04F79EFBC}") = "Inklusive", "Inklusive\Inklusive.csproj", "{63334D39-E6E7-4972-9BB2-88EE8656B3FB}"
EndProject
Global
	GlobalSection(SolutionConfigurationPlatforms) = preSolution
		Debug|Any CPU = Debug|Any CPU
		Release|Any CPU = Release|Any CPU
	EndGlobalSection
	GlobalSection(ProjectConfigurationPlatforms) = postSolution
		{63334D39-E6E7-4972-9BB2-88EE8656B3FB}.Debug|Any CPU.ActiveCfg = Debug|Any CPU
		{63334D39-E6E7-4972-9BB2-88EE8656B3FB}.Debug|Any CPU.Build.0 = Debug|Any CPU
		{63334D39-E6E7-4972-9BB2-88EE8656B3FB}.Release|Any CPU.ActiveCfg = Release|Any CPU
		{63334D39-E6E7-4972-9BB2-88EE8656B3FB}.Release|Any CPU.Build.0 = Release|Any CPU
	EndGlobalSection
	GlobalSection(SolutionProperties) = preSolution
		HideSolutionNode = FALSE
	EndGlobalSection
	GlobalSection(ExtensibilityGlobals) = postSolution
		SolutionGuid = {669C614B-BAD4-46BF-815B-7905FE747E1D}
	EndGlobalSection
EndGlobal
